
Microsoft Visual Studio Solution File, Format Version 12.00
# Visual Studio Version 16
VisualStudioVersion = 16.0.31005.135
MinimumVisualStudioVersion = 10.0.40219.1
Project("{FAE04EC0-301F-11D3-BF4B-00C04F79EFBC}") = "CashRegister", "CashRegister\CashRegister.csproj", "{A73C9C21-C9B9-4260-BAE3-B5C52840EBBF}"
EndProject
Global
	GlobalSection(SolutionConfigurationPlatforms) = preSolution
		Debug|Any CPU = Debug|Any CPU
		Release|Any CPU = Release|Any CPU
	EndGlobalSection
	GlobalSection(ProjectConfigurationPlatforms) = postSolution
		{A73C9C21-C9B9-4260-BAE3-B5C52840EBBF}.Debug|Any CPU.ActiveCfg = Debug|Any CPU
		{A73C9C21-C9B9-4260-BAE3-B5C52840EBBF}.Debug|Any CPU.Build.0 = Debug|Any CPU
		{A73C9C21-C9B9-4260-BAE3-B5C52840EBBF}.Release|Any CPU.ActiveCfg = Release|Any CPU
		{A73C9C21-C9B9-4260-BAE3-B5C52840EBBF}.Release|Any CPU.Build.0 = Release|Any CPU
	EndGlobalSection
	GlobalSection(SolutionProperties) = preSolution
		HideSolutionNode = FALSE
	EndGlobalSection
	GlobalSection(ExtensibilityGlobals) = postSolution
		SolutionGuid = {EE8409E4-7091-4AFD-9036-E491132BEA92}
	EndGlobalSection
EndGlobal
